
Microsoft Visual Studio Solution File, Format Version 12.00
# Visual Studio Version 17
VisualStudioVersion = 17.7.34202.233
MinimumVisualStudioVersion = 10.0.40219.1
Project("{FAE04EC0-301F-11D3-BF4B-00C04F79EFBC}") = "Presentacion", "Presentacion\Presentacion.csproj", "{DCACED78-C4E8-431F-81BA-F46E6C83000A}"
EndProject
Project("{FAE04EC0-301F-11D3-BF4B-00C04F79EFBC}") = "Logica", "Logica\Logica.csproj", "{886D15B7-4CAA-42DC-84CB-F347E9476932}"
EndProject
Project("{FAE04EC0-301F-11D3-BF4B-00C04F79EFBC}") = "Datos", "Datos\Datos.csproj", "{7BDB9364-9497-41B7-842E-E570BAD997EE}"
EndProject
Project("{FAE04EC0-301F-11D3-BF4B-00C04F79EFBC}") = "Entity", "Entity\Entity.csproj", "{3857C43F-2872-479B-A88E-0BF2EDB8DC60}"
EndProject
Global
	GlobalSection(SolutionConfigurationPlatforms) = preSolution
		Debug|Any CPU = Debug|Any CPU
		Release|Any CPU = Release|Any CPU
	EndGlobalSection
	GlobalSection(ProjectConfigurationPlatforms) = postSolution
		{DCACED78-C4E8-431F-81BA-F46E6C83000A}.Debug|Any CPU.ActiveCfg = Debug|Any CPU
		{DCACED78-C4E8-431F-81BA-F46E6C83000A}.Debug|Any CPU.Build.0 = Debug|Any CPU
		{DCACED78-C4E8-431F-81BA-F46E6C83000A}.Release|Any CPU.ActiveCfg = Release|Any CPU
		{DCACED78-C4E8-431F-81BA-F46E6C83000A}.Release|Any CPU.Build.0 = Release|Any CPU
		{886D15B7-4CAA-42DC-84CB-F347E9476932}.Debug|Any CPU.ActiveCfg = Debug|Any CPU
		{886D15B7-4CAA-42DC-84CB-F347E9476932}.Debug|Any CPU.Build.0 = Debug|Any CPU
		{886D15B7-4CAA-42DC-84CB-F347E9476932}.Release|Any CPU.ActiveCfg = Release|Any CPU
		{886D15B7-4CAA-42DC-84CB-F347E9476932}.Release|Any CPU.Build.0 = Release|Any CPU
		{7BDB9364-9497-41B7-842E-E570BAD997EE}.Debug|Any CPU.ActiveCfg = Debug|Any CPU
		{7BDB9364-9497-41B7-842E-E570BAD997EE}.Debug|Any CPU.Build.0 = Debug|Any CPU
		{7BDB9364-9497-41B7-842E-E570BAD997EE}.Release|Any CPU.ActiveCfg = Release|Any CPU
		{7BDB9364-9497-41B7-842E-E570BAD997EE}.Release|Any CPU.Build.0 = Release|Any CPU
		{3857C43F-2872-479B-A88E-0BF2EDB8DC60}.Debug|Any CPU.ActiveCfg = Debug|Any CPU
		{3857C43F-2872-479B-A88E-0BF2EDB8DC60}.Debug|Any CPU.Build.0 = Debug|Any CPU
		{3857C43F-2872-479B-A88E-0BF2EDB8DC60}.Release|Any CPU.ActiveCfg = Release|Any CPU
		{3857C43F-2872-479B-A88E-0BF2EDB8DC60}.Release|Any CPU.Build.0 = Release|Any CPU
	EndGlobalSection
	GlobalSection(SolutionProperties) = preSolution
		HideSolutionNode = FALSE
	EndGlobalSection
	GlobalSection(ExtensibilityGlobals) = postSolution
		SolutionGuid = {B41C7967-B5A3-4EB0-9A39-7A6C0DDE19A1}
	EndGlobalSection
EndGlobal
