
Microsoft Visual Studio Solution File, Format Version 12.00
# Visual Studio Version 17
VisualStudioVersion = 17.7.34202.233
MinimumVisualStudioVersion = 10.0.40219.1
Project("{FAE04EC0-301F-11D3-BF4B-00C04F79EFBC}") = "Presentacion", "Presentacion\Presentacion.csproj", "{D4F4960C-7BF5-4D82-B7BF-014D0C005430}"
EndProject
Project("{FAE04EC0-301F-11D3-BF4B-00C04F79EFBC}") = "Logica", "Logica\Logica.csproj", "{D6B6CC36-59AC-4EE3-8676-6B905675AA76}"
EndProject
Project("{FAE04EC0-301F-11D3-BF4B-00C04F79EFBC}") = "Datos", "Datos\Datos.csproj", "{FD0548CD-F6CD-4CBD-86F9-0FE9B2F57648}"
EndProject
Project("{FAE04EC0-301F-11D3-BF4B-00C04F79EFBC}") = "Entity", "Entity\Entity.csproj", "{211332A5-350C-4E45-9DC0-646A60F551FB}"
EndProject
Global
	GlobalSection(SolutionConfigurationPlatforms) = preSolution
		Debug|Any CPU = Debug|Any CPU
		Release|Any CPU = Release|Any CPU
	EndGlobalSection
	GlobalSection(ProjectConfigurationPlatforms) = postSolution
		{D4F4960C-7BF5-4D82-B7BF-014D0C005430}.Debug|Any CPU.ActiveCfg = Debug|Any CPU
		{D4F4960C-7BF5-4D82-B7BF-014D0C005430}.Debug|Any CPU.Build.0 = Debug|Any CPU
		{D4F4960C-7BF5-4D82-B7BF-014D0C005430}.Release|Any CPU.ActiveCfg = Release|Any CPU
		{D4F4960C-7BF5-4D82-B7BF-014D0C005430}.Release|Any CPU.Build.0 = Release|Any CPU
		{D6B6CC36-59AC-4EE3-8676-6B905675AA76}.Debug|Any CPU.ActiveCfg = Debug|Any CPU
		{D6B6CC36-59AC-4EE3-8676-6B905675AA76}.Debug|Any CPU.Build.0 = Debug|Any CPU
		{D6B6CC36-59AC-4EE3-8676-6B905675AA76}.Release|Any CPU.ActiveCfg = Release|Any CPU
		{D6B6CC36-59AC-4EE3-8676-6B905675AA76}.Release|Any CPU.Build.0 = Release|Any CPU
		{FD0548CD-F6CD-4CBD-86F9-0FE9B2F57648}.Debug|Any CPU.ActiveCfg = Debug|Any CPU
		{FD0548CD-F6CD-4CBD-86F9-0FE9B2F57648}.Debug|Any CPU.Build.0 = Debug|Any CPU
		{FD0548CD-F6CD-4CBD-86F9-0FE9B2F57648}.Release|Any CPU.ActiveCfg = Release|Any CPU
		{FD0548CD-F6CD-4CBD-86F9-0FE9B2F57648}.Release|Any CPU.Build.0 = Release|Any CPU
		{211332A5-350C-4E45-9DC0-646A60F551FB}.Debug|Any CPU.ActiveCfg = Debug|Any CPU
		{211332A5-350C-4E45-9DC0-646A60F551FB}.Debug|Any CPU.Build.0 = Debug|Any CPU
		{211332A5-350C-4E45-9DC0-646A60F551FB}.Release|Any CPU.ActiveCfg = Release|Any CPU
		{211332A5-350C-4E45-9DC0-646A60F551FB}.Release|Any CPU.Build.0 = Release|Any CPU
	EndGlobalSection
	GlobalSection(SolutionProperties) = preSolution
		HideSolutionNode = FALSE
	EndGlobalSection
	GlobalSection(ExtensibilityGlobals) = postSolution
		SolutionGuid = {6995E8B8-9895-4316-B44A-349B2B27029F}
	EndGlobalSection
EndGlobal
