
Microsoft Visual Studio Solution File, Format Version 12.00
# Visual Studio Version 17
VisualStudioVersion = 17.7.34202.233
MinimumVisualStudioVersion = 10.0.40219.1
Project("{FAE04EC0-301F-11D3-BF4B-00C04F79EFBC}") = "Entity", "Entity\Entity.csproj", "{C93DB42D-768A-4EC9-847B-2021919FFFBF}"
EndProject
Global
	GlobalSection(SolutionConfigurationPlatforms) = preSolution
		Debug|Any CPU = Debug|Any CPU
		Release|Any CPU = Release|Any CPU
	EndGlobalSection
	GlobalSection(ProjectConfigurationPlatforms) = postSolution
		{C93DB42D-768A-4EC9-847B-2021919FFFBF}.Debug|Any CPU.ActiveCfg = Debug|Any CPU
		{C93DB42D-768A-4EC9-847B-2021919FFFBF}.Debug|Any CPU.Build.0 = Debug|Any CPU
		{C93DB42D-768A-4EC9-847B-2021919FFFBF}.Release|Any CPU.ActiveCfg = Release|Any CPU
		{C93DB42D-768A-4EC9-847B-2021919FFFBF}.Release|Any CPU.Build.0 = Release|Any CPU
	EndGlobalSection
	GlobalSection(SolutionProperties) = preSolution
		HideSolutionNode = FALSE
	EndGlobalSection
	GlobalSection(ExtensibilityGlobals) = postSolution
		SolutionGuid = {4E882A82-34F5-4691-A013-53F5463CE524}
	EndGlobalSection
EndGlobal
